
Microsoft Visual Studio Solution File, Format Version 12.00
Project("{FAE04EC0-301F-11D3-BF4B-00C04F79EFBC}") = "MovieApi", "MovieApi\MovieApi.csproj", "{945399E4-A301-4C04-B66B-DA375AD61800}"
EndProject
Global
	GlobalSection(SolutionConfigurationPlatforms) = preSolution
		Debug|Any CPU = Debug|Any CPU
		Release|Any CPU = Release|Any CPU
	EndGlobalSection
	GlobalSection(ProjectConfigurationPlatforms) = postSolution
		{945399E4-A301-4C04-B66B-DA375AD61800}.Debug|Any CPU.ActiveCfg = Debug|Any CPU
		{945399E4-A301-4C04-B66B-DA375AD61800}.Debug|Any CPU.Build.0 = Debug|Any CPU
		{945399E4-A301-4C04-B66B-DA375AD61800}.Release|Any CPU.ActiveCfg = Release|Any CPU
		{945399E4-A301-4C04-B66B-DA375AD61800}.Release|Any CPU.Build.0 = Release|Any CPU
	EndGlobalSection
	GlobalSection(NestedProjects) = preSolution
	EndGlobalSection
EndGlobal
