
Microsoft Visual Studio Solution File, Format Version 12.00
# Visual Studio Version 16
VisualStudioVersion = 16.0.810.19
MinimumVisualStudioVersion = 10.0.40219.1
Project("{FAE04EC0-301F-11D3-BF4B-00C04F79EFBC}") = "MovieApi", "MovieApi.csproj", "{29B4B195-B777-497B-9D14-E1C4FAC8ADBD}"
EndProject
Global
	GlobalSection(SolutionConfigurationPlatforms) = preSolution
		Debug|Any CPU = Debug|Any CPU
		Release|Any CPU = Release|Any CPU
	EndGlobalSection
	GlobalSection(ProjectConfigurationPlatforms) = postSolution
		{29B4B195-B777-497B-9D14-E1C4FAC8ADBD}.Debug|Any CPU.ActiveCfg = Debug|Any CPU
		{29B4B195-B777-497B-9D14-E1C4FAC8ADBD}.Debug|Any CPU.Build.0 = Debug|Any CPU
		{29B4B195-B777-497B-9D14-E1C4FAC8ADBD}.Release|Any CPU.ActiveCfg = Release|Any CPU
		{29B4B195-B777-497B-9D14-E1C4FAC8ADBD}.Release|Any CPU.Build.0 = Release|Any CPU
	EndGlobalSection
	GlobalSection(SolutionProperties) = preSolution
		HideSolutionNode = FALSE
	EndGlobalSection
	GlobalSection(ExtensibilityGlobals) = postSolution
		SolutionGuid = {2AF9E198-F667-4763-8C74-41E3F6F53EA0}
	EndGlobalSection
EndGlobal
